
Microsoft Visual Studio Solution File, Format Version 12.00
# Visual Studio 15
VisualStudioVersion = 15.0.27703.2000
MinimumVisualStudioVersion = 10.0.40219.1
Project("{FAE04EC0-301F-11D3-BF4B-00C04F79EFBC}") = "SecretManager", "SecretManager\SecretManager.csproj", "{3C4FC6E1-D688-47B5-AA99-210EC286F9DA}"
EndProject
Global
	GlobalSection(SolutionConfigurationPlatforms) = preSolution
		Debug|Any CPU = Debug|Any CPU
		Release|Any CPU = Release|Any CPU
	EndGlobalSection
	GlobalSection(ProjectConfigurationPlatforms) = postSolution
		{3C4FC6E1-D688-47B5-AA99-210EC286F9DA}.Debug|Any CPU.ActiveCfg = Debug|Any CPU
		{3C4FC6E1-D688-47B5-AA99-210EC286F9DA}.Debug|Any CPU.Build.0 = Debug|Any CPU
		{3C4FC6E1-D688-47B5-AA99-210EC286F9DA}.Release|Any CPU.ActiveCfg = Release|Any CPU
		{3C4FC6E1-D688-47B5-AA99-210EC286F9DA}.Release|Any CPU.Build.0 = Release|Any CPU
	EndGlobalSection
	GlobalSection(SolutionProperties) = preSolution
		HideSolutionNode = FALSE
	EndGlobalSection
	GlobalSection(ExtensibilityGlobals) = postSolution
		SolutionGuid = {96C9EE15-3303-48EE-B670-4104A10BB462}
	EndGlobalSection
EndGlobal
